// !$*UTF8*$!
{
	archiveVersion = 1;
	classes = {
	};
	objectVersion = 50;
	objects = {

/* Begin PBXBuildFile section */
		1B670CE8211B21EB006A15F5 /* AppDelegate.swift in Sources */ = {isa = PBXBuildFile; fileRef = 1B670CE7211B21EB006A15F5 /* AppDelegate.swift */; };
		1B670CEC211B21EC006A15F5 /* Assets.xcassets in Resources */ = {isa = PBXBuildFile; fileRef = 1B670CEB211B21EC006A15F5 /* Assets.xcassets */; };
		1B670CEF211B21EC006A15F5 /* Main.storyboard in Resources */ = {isa = PBXBuildFile; fileRef = 1B670CED211B21EC006A15F5 /* Main.storyboard */; };
		1B670CFB211B21ED006A15F5 /* AriaXTests.swift in Sources */ = {isa = PBXBuildFile; fileRef = 1B670CFA211B21ED006A15F5 /* AriaXTests.swift */; };
		578353ED537E31FC40C0988D /* libPods-AriaX.a in Frameworks */ = {isa = PBXBuildFile; fileRef = D99511AAC340B76161A6F968 /* libPods-AriaX.a */; };
		E072C6EE211B2733005864F7 /* DownloadListViewController.swift in Sources */ = {isa = PBXBuildFile; fileRef = E072C6ED211B2733005864F7 /* DownloadListViewController.swift */; };
/* End PBXBuildFile section */

/* Begin PBXContainerItemProxy section */
		1B670CF7211B21ED006A15F5 /* PBXContainerItemProxy */ = {
			isa = PBXContainerItemProxy;
			containerPortal = 1B670CDC211B21EB006A15F5 /* Project object */;
			proxyType = 1;
			remoteGlobalIDString = 1B670CE3211B21EB006A15F5;
			remoteInfo = AriaX;
		};
/* End PBXContainerItemProxy section */

/* Begin PBXFileReference section */
		1B670CE4211B21EB006A15F5 /* AriaX.app */ = {isa = PBXFileReference; explicitFileType = wrapper.application; includeInIndex = 0; path = AriaX.app; sourceTree = BUILT_PRODUCTS_DIR; };
		1B670CE7211B21EB006A15F5 /* AppDelegate.swift */ = {isa = PBXFileReference; lastKnownFileType = sourcecode.swift; path = AppDelegate.swift; sourceTree = "<group>"; };
		1B670CEB211B21EC006A15F5 /* Assets.xcassets */ = {isa = PBXFileReference; lastKnownFileType = folder.assetcatalog; path = Assets.xcassets; sourceTree = "<group>"; };
		1B670CEE211B21EC006A15F5 /* Base */ = {isa = PBXFileReference; lastKnownFileType = file.storyboard; name = Base; path = Base.lproj/Main.storyboard; sourceTree = "<group>"; };
		1B670CF0211B21EC006A15F5 /* Info.plist */ = {isa = PBXFileReference; lastKnownFileType = text.plist.xml; path = Info.plist; sourceTree = "<group>"; };
		1B670CF1211B21EC006A15F5 /* AriaX.entitlements */ = {isa = PBXFileReference; lastKnownFileType = text.plist.entitlements; path = AriaX.entitlements; sourceTree = "<group>"; };
		1B670CF6211B21ED006A15F5 /* AriaXTests.xctest */ = {isa = PBXFileReference; explicitFileType = wrapper.cfbundle; includeInIndex = 0; path = AriaXTests.xctest; sourceTree = BUILT_PRODUCTS_DIR; };
		1B670CFA211B21ED006A15F5 /* AriaXTests.swift */ = {isa = PBXFileReference; lastKnownFileType = sourcecode.swift; path = AriaXTests.swift; sourceTree = "<group>"; };
		1B670CFC211B21ED006A15F5 /* Info.plist */ = {isa = PBXFileReference; lastKnownFileType = text.plist.xml; path = Info.plist; sourceTree = "<group>"; };
		9B194B1BB4494A4D76A98E59 /* Pods-AriaX.debug.xcconfig */ = {isa = PBXFileReference; includeInIndex = 1; lastKnownFileType = text.xcconfig; name = "Pods-AriaX.debug.xcconfig"; path = "Pods/Target Support Files/Pods-AriaX/Pods-AriaX.debug.xcconfig"; sourceTree = "<group>"; };
		A0CE6774B567C25EE5A4FFA3 /* Pods-AriaX.release.xcconfig */ = {isa = PBXFileReference; includeInIndex = 1; lastKnownFileType = text.xcconfig; name = "Pods-AriaX.release.xcconfig"; path = "Pods/Target Support Files/Pods-AriaX/Pods-AriaX.release.xcconfig"; sourceTree = "<group>"; };
		D99511AAC340B76161A6F968 /* libPods-AriaX.a */ = {isa = PBXFileReference; explicitFileType = archive.ar; includeInIndex = 0; path = "libPods-AriaX.a"; sourceTree = BUILT_PRODUCTS_DIR; };
		E072C6ED211B2733005864F7 /* DownloadListViewController.swift */ = {isa = PBXFileReference; lastKnownFileType = sourcecode.swift; path = DownloadListViewController.swift; sourceTree = "<group>"; };
/* End PBXFileReference section */

/* Begin PBXFrameworksBuildPhase section */
		1B670CE1211B21EB006A15F5 /* Frameworks */ = {
			isa = PBXFrameworksBuildPhase;
			buildActionMask = 2147483647;
			files = (
				578353ED537E31FC40C0988D /* libPods-AriaX.a in Frameworks */,
			);
			runOnlyForDeploymentPostprocessing = 0;
		};
		1B670CF3211B21ED006A15F5 /* Frameworks */ = {
			isa = PBXFrameworksBuildPhase;
			buildActionMask = 2147483647;
			files = (
			);
			runOnlyForDeploymentPostprocessing = 0;
		};
/* End PBXFrameworksBuildPhase section */

/* Begin PBXGroup section */
		11319181D6C66E9305B4A97B /* Frameworks */ = {
			isa = PBXGroup;
			children = (
				D99511AAC340B76161A6F968 /* libPods-AriaX.a */,
			);
			name = Frameworks;
			sourceTree = "<group>";
		};
		1B670CDB211B21EB006A15F5 = {
			isa = PBXGroup;
			children = (
				1B670CE6211B21EB006A15F5 /* AriaX */,
				1B670CF9211B21ED006A15F5 /* AriaXTests */,
				1B670CE5211B21EB006A15F5 /* Products */,
				60186A28AEA8369AA73CC8DF /* Pods */,
				11319181D6C66E9305B4A97B /* Frameworks */,
			);
			sourceTree = "<group>";
		};
		1B670CE5211B21EB006A15F5 /* Products */ = {
			isa = PBXGroup;
			children = (
				1B670CE4211B21EB006A15F5 /* AriaX.app */,
				1B670CF6211B21ED006A15F5 /* AriaXTests.xctest */,
			);
			name = Products;
			sourceTree = "<group>";
		};
		1B670CE6211B21EB006A15F5 /* AriaX */ = {
			isa = PBXGroup;
			children = (
				E072C6EB211B26ED005864F7 /* Presentation */,
				1B670CE7211B21EB006A15F5 /* AppDelegate.swift */,
				1B670D08211B2524006A15F5 /* Resource */,
			);
			path = AriaX;
			sourceTree = "<group>";
		};
		1B670CF9211B21ED006A15F5 /* AriaXTests */ = {
			isa = PBXGroup;
			children = (
				1B670CFA211B21ED006A15F5 /* AriaXTests.swift */,
				1B670CFC211B21ED006A15F5 /* Info.plist */,
			);
			path = AriaXTests;
			sourceTree = "<group>";
		};
		1B670D08211B2524006A15F5 /* Resource */ = {
			isa = PBXGroup;
			children = (
				1B670CEB211B21EC006A15F5 /* Assets.xcassets */,
				1B670CF0211B21EC006A15F5 /* Info.plist */,
				1B670CF1211B21EC006A15F5 /* AriaX.entitlements */,
			);
			path = Resource;
			sourceTree = "<group>";
		};
		60186A28AEA8369AA73CC8DF /* Pods */ = {
			isa = PBXGroup;
			children = (
				9B194B1BB4494A4D76A98E59 /* Pods-AriaX.debug.xcconfig */,
				A0CE6774B567C25EE5A4FFA3 /* Pods-AriaX.release.xcconfig */,
			);
			name = Pods;
			sourceTree = "<group>";
		};
		E072C6EB211B26ED005864F7 /* Presentation */ = {
			isa = PBXGroup;
			children = (
				E072C6F0211B29E9005864F7 /* Main */,
			);
			path = Presentation;
			sourceTree = "<group>";
		};
		E072C6EC211B26F9005864F7 /* ViewController */ = {
			isa = PBXGroup;
			children = (
				E072C6ED211B2733005864F7 /* DownloadListViewController.swift */,
			);
			path = ViewController;
			sourceTree = "<group>";
		};
		E072C6EF211B292D005864F7 /* View */ = {
			isa = PBXGroup;
			children = (
				1B670CED211B21EC006A15F5 /* Main.storyboard */,
			);
			path = View;
			sourceTree = "<group>";
		};
		E072C6F0211B29E9005864F7 /* Main */ = {
			isa = PBXGroup;
			children = (
				E072C6EC211B26F9005864F7 /* ViewController */,
				E072C6EF211B292D005864F7 /* View */,
			);
			path = Main;
			sourceTree = "<group>";
		};
/* End PBXGroup section */

/* Begin PBXNativeTarget section */
		1B670CE3211B21EB006A15F5 /* AriaX */ = {
			isa = PBXNativeTarget;
			buildConfigurationList = 1B670CFF211B21ED006A15F5 /* Build configuration list for PBXNativeTarget "AriaX" */;
			buildPhases = (
				B67A45B48E7D08433010106A /* [CP] Check Pods Manifest.lock */,
				1B670CE0211B21EB006A15F5 /* Sources */,
				1B670CE1211B21EB006A15F5 /* Frameworks */,
				1B670CE2211B21EB006A15F5 /* Resources */,
				1B670D06211B22F2006A15F5 /* ShellScript */,
			);
			buildRules = (
			);
			dependencies = (
			);
			name = AriaX;
			productName = AriaX;
			productReference = 1B670CE4211B21EB006A15F5 /* AriaX.app */;
			productType = "com.apple.product-type.application";
		};
		1B670CF5211B21ED006A15F5 /* AriaXTests */ = {
			isa = PBXNativeTarget;
			buildConfigurationList = 1B670D02211B21ED006A15F5 /* Build configuration list for PBXNativeTarget "AriaXTests" */;
			buildPhases = (
				1B670CF2211B21ED006A15F5 /* Sources */,
				1B670CF3211B21ED006A15F5 /* Frameworks */,
				1B670CF4211B21ED006A15F5 /* Resources */,
			);
			buildRules = (
			);
			dependencies = (
				1B670CF8211B21ED006A15F5 /* PBXTargetDependency */,
			);
			name = AriaXTests;
			productName = AriaXTests;
			productReference = 1B670CF6211B21ED006A15F5 /* AriaXTests.xctest */;
			productType = "com.apple.product-type.bundle.unit-test";
		};
/* End PBXNativeTarget section */

/* Begin PBXProject section */
		1B670CDC211B21EB006A15F5 /* Project object */ = {
			isa = PBXProject;
			attributes = {
				LastSwiftUpdateCheck = 0940;
				LastUpgradeCheck = 0940;
				ORGANIZATIONNAME = iiiCeBlink;
				TargetAttributes = {
					1B670CE3211B21EB006A15F5 = {
						CreatedOnToolsVersion = 9.4.1;
					};
					1B670CF5211B21ED006A15F5 = {
						CreatedOnToolsVersion = 9.4.1;
						TestTargetID = 1B670CE3211B21EB006A15F5;
					};
				};
			};
			buildConfigurationList = 1B670CDF211B21EB006A15F5 /* Build configuration list for PBXProject "AriaX" */;
			compatibilityVersion = "Xcode 9.3";
			developmentRegion = en;
			hasScannedForEncodings = 0;
			knownRegions = (
				en,
				Base,
			);
			mainGroup = 1B670CDB211B21EB006A15F5;
			productRefGroup = 1B670CE5211B21EB006A15F5 /* Products */;
			projectDirPath = "";
			projectRoot = "";
			targets = (
				1B670CE3211B21EB006A15F5 /* AriaX */,
				1B670CF5211B21ED006A15F5 /* AriaXTests */,
			);
		};
/* End PBXProject section */

/* Begin PBXResourcesBuildPhase section */
		1B670CE2211B21EB006A15F5 /* Resources */ = {
			isa = PBXResourcesBuildPhase;
			buildActionMask = 2147483647;
			files = (
				1B670CEC211B21EC006A15F5 /* Assets.xcassets in Resources */,
				1B670CEF211B21EC006A15F5 /* Main.storyboard in Resources */,
			);
			runOnlyForDeploymentPostprocessing = 0;
		};
		1B670CF4211B21ED006A15F5 /* Resources */ = {
			isa = PBXResourcesBuildPhase;
			buildActionMask = 2147483647;
			files = (
			);
			runOnlyForDeploymentPostprocessing = 0;
		};
/* End PBXResourcesBuildPhase section */

/* Begin PBXShellScriptBuildPhase section */
		1B670D06211B22F2006A15F5 /* ShellScript */ = {
			isa = PBXShellScriptBuildPhase;
			buildActionMask = 2147483647;
			files = (
			);
			inputPaths = (
			);
			outputPaths = (
			);
			runOnlyForDeploymentPostprocessing = 0;
			shellPath = /bin/sh;
			shellScript = "if [ \"${CONFIGURATION=}\" == \"Debug\" ]; then\n${PODS_ROOT}/SwiftLint/swiftlint autocorrect\n${PODS_ROOT}/SwiftLint/swiftlint\nelse\necho \"Release Packing\"\nfi";
		};
		B67A45B48E7D08433010106A /* [CP] Check Pods Manifest.lock */ = {
			isa = PBXShellScriptBuildPhase;
			buildActionMask = 2147483647;
			files = (
			);
			inputPaths = (
				"${PODS_PODFILE_DIR_PATH}/Podfile.lock",
				"${PODS_ROOT}/Manifest.lock",
			);
			name = "[CP] Check Pods Manifest.lock";
			outputPaths = (
				"$(DERIVED_FILE_DIR)/Pods-AriaX-checkManifestLockResult.txt",
			);
			runOnlyForDeploymentPostprocessing = 0;
			shellPath = /bin/sh;
			shellScript = "diff \"${PODS_PODFILE_DIR_PATH}/Podfile.lock\" \"${PODS_ROOT}/Manifest.lock\" > /dev/null\nif [ $? != 0 ] ; then\n    # print error to STDERR\n    echo \"error: The sandbox is not in sync with the Podfile.lock. Run 'pod install' or update your CocoaPods installation.\" >&2\n    exit 1\nfi\n# This output is used by Xcode 'outputs' to avoid re-running this script phase.\necho \"SUCCESS\" > \"${SCRIPT_OUTPUT_FILE_0}\"\n";
			showEnvVarsInLog = 0;
		};
/* End PBXShellScriptBuildPhase section */

/* Begin PBXSourcesBuildPhase section */
		1B670CE0211B21EB006A15F5 /* Sources */ = {
			isa = PBXSourcesBuildPhase;
			buildActionMask = 2147483647;
			files = (
				1B670CE8211B21EB006A15F5 /* AppDelegate.swift in Sources */,
				E072C6EE211B2733005864F7 /* DownloadListViewController.swift in Sources */,
			);
			runOnlyForDeploymentPostprocessing = 0;
		};
		1B670CF2211B21ED006A15F5 /* Sources */ = {
			isa = PBXSourcesBuildPhase;
			buildActionMask = 2147483647;
			files = (
				1B670CFB211B21ED006A15F5 /* AriaXTests.swift in Sources */,
			);
			runOnlyForDeploymentPostprocessing = 0;
		};
/* End PBXSourcesBuildPhase section */

/* Begin PBXTargetDependency section */
		1B670CF8211B21ED006A15F5 /* PBXTargetDependency */ = {
			isa = PBXTargetDependency;
			target = 1B670CE3211B21EB006A15F5 /* AriaX */;
			targetProxy = 1B670CF7211B21ED006A15F5 /* PBXContainerItemProxy */;
		};
/* End PBXTargetDependency section */

/* Begin PBXVariantGroup section */
		1B670CED211B21EC006A15F5 /* Main.storyboard */ = {
			isa = PBXVariantGroup;
			children = (
				1B670CEE211B21EC006A15F5 /* Base */,
			);
			name = Main.storyboard;
			sourceTree = "<group>";
		};
/* End PBXVariantGroup section */

/* Begin XCBuildConfiguration section */
		1B670CFD211B21ED006A15F5 /* Debug */ = {
			isa = XCBuildConfiguration;
			buildSettings = {
				ALWAYS_SEARCH_USER_PATHS = NO;
				CLANG_ANALYZER_NONNULL = YES;
				CLANG_ANALYZER_NUMBER_OBJECT_CONVERSION = YES_AGGRESSIVE;
				CLANG_CXX_LANGUAGE_STANDARD = "gnu++14";
				CLANG_CXX_LIBRARY = "libc++";
				CLANG_ENABLE_MODULES = YES;
				CLANG_ENABLE_OBJC_ARC = YES;
				CLANG_ENABLE_OBJC_WEAK = YES;
				CLANG_WARN_BLOCK_CAPTURE_AUTORELEASING = YES;
				CLANG_WARN_BOOL_CONVERSION = YES;
				CLANG_WARN_COMMA = YES;
				CLANG_WARN_CONSTANT_CONVERSION = YES;
				CLANG_WARN_DEPRECATED_OBJC_IMPLEMENTATIONS = YES;
				CLANG_WARN_DIRECT_OBJC_ISA_USAGE = YES_ERROR;
				CLANG_WARN_DOCUMENTATION_COMMENTS = YES;
				CLANG_WARN_EMPTY_BODY = YES;
				CLANG_WARN_ENUM_CONVERSION = YES;
				CLANG_WARN_INFINITE_RECURSION = YES;
				CLANG_WARN_INT_CONVERSION = YES;
				CLANG_WARN_NON_LITERAL_NULL_CONVERSION = YES;
				CLANG_WARN_OBJC_IMPLICIT_RETAIN_SELF = YES;
				CLANG_WARN_OBJC_LITERAL_CONVERSION = YES;
				CLANG_WARN_OBJC_ROOT_CLASS = YES_ERROR;
				CLANG_WARN_RANGE_LOOP_ANALYSIS = YES;
				CLANG_WARN_STRICT_PROTOTYPES = YES;
				CLANG_WARN_SUSPICIOUS_MOVE = YES;
				CLANG_WARN_UNGUARDED_AVAILABILITY = YES_AGGRESSIVE;
				CLANG_WARN_UNREACHABLE_CODE = YES;
				CLANG_WARN__DUPLICATE_METHOD_MATCH = YES;
				CODE_SIGN_IDENTITY = "-";
				COPY_PHASE_STRIP = NO;
				DEBUG_INFORMATION_FORMAT = dwarf;
				ENABLE_STRICT_OBJC_MSGSEND = YES;
				ENABLE_TESTABILITY = YES;
				GCC_C_LANGUAGE_STANDARD = gnu11;
				GCC_DYNAMIC_NO_PIC = NO;
				GCC_NO_COMMON_BLOCKS = YES;
				GCC_OPTIMIZATION_LEVEL = 0;
				GCC_PREPROCESSOR_DEFINITIONS = (
					"DEBUG=1",
					"$(inherited)",
				);
				GCC_WARN_64_TO_32_BIT_CONVERSION = YES;
				GCC_WARN_ABOUT_RETURN_TYPE = YES_ERROR;
				GCC_WARN_UNDECLARED_SELECTOR = YES;
				GCC_WARN_UNINITIALIZED_AUTOS = YES_AGGRESSIVE;
				GCC_WARN_UNUSED_FUNCTION = YES;
				GCC_WARN_UNUSED_VARIABLE = YES;
				MACOSX_DEPLOYMENT_TARGET = 10.13;
				MTL_ENABLE_DEBUG_INFO = YES;
				ONLY_ACTIVE_ARCH = YES;
				SDKROOT = macosx;
				SWIFT_ACTIVE_COMPILATION_CONDITIONS = DEBUG;
				SWIFT_OPTIMIZATION_LEVEL = "-Onone";
			};
			name = Debug;
		};
		1B670CFE211B21ED006A15F5 /* Release */ = {
			isa = XCBuildConfiguration;
			buildSettings = {
				ALWAYS_SEARCH_USER_PATHS = NO;
				CLANG_ANALYZER_NONNULL = YES;
				CLANG_ANALYZER_NUMBER_OBJECT_CONVERSION = YES_AGGRESSIVE;
				CLANG_CXX_LANGUAGE_STANDARD = "gnu++14";
				CLANG_CXX_LIBRARY = "libc++";
				CLANG_ENABLE_MODULES = YES;
				CLANG_ENABLE_OBJC_ARC = YES;
				CLANG_ENABLE_OBJC_WEAK = YES;
				CLANG_WARN_BLOCK_CAPTURE_AUTORELEASING = YES;
				CLANG_WARN_BOOL_CONVERSION = YES;
				CLANG_WARN_COMMA = YES;
				CLANG_WARN_CONSTANT_CONVERSION = YES;
				CLANG_WARN_DEPRECATED_OBJC_IMPLEMENTATIONS = YES;
				CLANG_WARN_DIRECT_OBJC_ISA_USAGE = YES_ERROR;
				CLANG_WARN_DOCUMENTATION_COMMENTS = YES;
				CLANG_WARN_EMPTY_BODY = YES;
				CLANG_WARN_ENUM_CONVERSION = YES;
				CLANG_WARN_INFINITE_RECURSION = YES;
				CLANG_WARN_INT_CONVERSION = YES;
				CLANG_WARN_NON_LITERAL_NULL_CONVERSION = YES;
				CLANG_WARN_OBJC_IMPLICIT_RETAIN_SELF = YES;
				CLANG_WARN_OBJC_LITERAL_CONVERSION = YES;
				CLANG_WARN_OBJC_ROOT_CLASS = YES_ERROR;
				CLANG_WARN_RANGE_LOOP_ANALYSIS = YES;
				CLANG_WARN_STRICT_PROTOTYPES = YES;
				CLANG_WARN_SUSPICIOUS_MOVE = YES;
				CLANG_WARN_UNGUARDED_AVAILABILITY = YES_AGGRESSIVE;
				CLANG_WARN_UNREACHABLE_CODE = YES;
				CLANG_WARN__DUPLICATE_METHOD_MATCH = YES;
				CODE_SIGN_IDENTITY = "-";
				COPY_PHASE_STRIP = NO;
				DEBUG_INFORMATION_FORMAT = "dwarf-with-dsym";
				ENABLE_NS_ASSERTIONS = NO;
				ENABLE_STRICT_OBJC_MSGSEND = YES;
				GCC_C_LANGUAGE_STANDARD = gnu11;
				GCC_NO_COMMON_BLOCKS = YES;
				GCC_WARN_64_TO_32_BIT_CONVERSION = YES;
				GCC_WARN_ABOUT_RETURN_TYPE = YES_ERROR;
				GCC_WARN_UNDECLARED_SELECTOR = YES;
				GCC_WARN_UNINITIALIZED_AUTOS = YES_AGGRESSIVE;
				GCC_WARN_UNUSED_FUNCTION = YES;
				GCC_WARN_UNUSED_VARIABLE = YES;
				MACOSX_DEPLOYMENT_TARGET = 10.13;
				MTL_ENABLE_DEBUG_INFO = NO;
				SDKROOT = macosx;
				SWIFT_COMPILATION_MODE = wholemodule;
				SWIFT_OPTIMIZATION_LEVEL = "-O";
			};
			name = Release;
		};
		1B670D00211B21ED006A15F5 /* Debug */ = {
			isa = XCBuildConfiguration;
			baseConfigurationReference = 9B194B1BB4494A4D76A98E59 /* Pods-AriaX.debug.xcconfig */;
			buildSettings = {
				ASSETCATALOG_COMPILER_APPICON_NAME = AppIcon;
				CODE_SIGN_ENTITLEMENTS = AriaX/Resource/AriaX.entitlements;
				CODE_SIGN_STYLE = Automatic;
				COMBINE_HIDPI_IMAGES = YES;
				INFOPLIST_FILE = "$(SRCROOT)/AriaX/Resource/Info.plist";
				LD_RUNPATH_SEARCH_PATHS = (
					"$(inherited)",
					"@executable_path/../Frameworks",
				);
				MACOSX_DEPLOYMENT_TARGET = 10.10;
				PRODUCT_BUNDLE_IDENTIFIER = iiiCeBlink.AriaX;
				PRODUCT_NAME = "$(TARGET_NAME)";
				SWIFT_VERSION = 4.0;
			};
			name = Debug;
		};
		1B670D01211B21ED006A15F5 /* Release */ = {
			isa = XCBuildConfiguration;
			baseConfigurationReference = A0CE6774B567C25EE5A4FFA3 /* Pods-AriaX.release.xcconfig */;
			buildSettings = {
				ASSETCATALOG_COMPILER_APPICON_NAME = AppIcon;
				CODE_SIGN_ENTITLEMENTS = AriaX/Resource/AriaX.entitlements;
				CODE_SIGN_STYLE = Automatic;
				COMBINE_HIDPI_IMAGES = YES;
				INFOPLIST_FILE = "$(SRCROOT)/AriaX/Resource/Info.plist";
				LD_RUNPATH_SEARCH_PATHS = (
					"$(inherited)",
					"@executable_path/../Frameworks",
				);
				MACOSX_DEPLOYMENT_TARGET = 10.10;
				PRODUCT_BUNDLE_IDENTIFIER = iiiCeBlink.AriaX;
				PRODUCT_NAME = "$(TARGET_NAME)";
				SWIFT_VERSION = 4.0;
			};
			name = Release;
		};
		1B670D03211B21ED006A15F5 /* Debug */ = {
			isa = XCBuildConfiguration;
			buildSettings = {
				ALWAYS_EMBED_SWIFT_STANDARD_LIBRARIES = YES;
				BUNDLE_LOADER = "$(TEST_HOST)";
				CODE_SIGN_STYLE = Automatic;
				COMBINE_HIDPI_IMAGES = YES;
				INFOPLIST_FILE = AriaXTests/Info.plist;
				LD_RUNPATH_SEARCH_PATHS = (
					"$(inherited)",
					"@executable_path/../Frameworks",
					"@loader_path/../Frameworks",
				);
				PRODUCT_BUNDLE_IDENTIFIER = iiiCeBlink.AriaXTests;
				PRODUCT_NAME = "$(TARGET_NAME)";
				SWIFT_VERSION = 4.0;
				TEST_HOST = "$(BUILT_PRODUCTS_DIR)/AriaX.app/Contents/MacOS/AriaX";
			};
			name = Debug;
		};
		1B670D04211B21ED006A15F5 /* Release */ = {
			isa = XCBuildConfiguration;
			buildSettings = {
				ALWAYS_EMBED_SWIFT_STANDARD_LIBRARIES = YES;
				BUNDLE_LOADER = "$(TEST_HOST)";
				CODE_SIGN_STYLE = Automatic;
				COMBINE_HIDPI_IMAGES = YES;
				INFOPLIST_FILE = AriaXTests/Info.plist;
				LD_RUNPATH_SEARCH_PATHS = (
					"$(inherited)",
					"@executable_path/../Frameworks",
					"@loader_path/../Frameworks",
				);
				PRODUCT_BUNDLE_IDENTIFIER = iiiCeBlink.AriaXTests;
				PRODUCT_NAME = "$(TARGET_NAME)";
				SWIFT_VERSION = 4.0;
				TEST_HOST = "$(BUILT_PRODUCTS_DIR)/AriaX.app/Contents/MacOS/AriaX";
			};
			name = Release;
		};
/* End XCBuildConfiguration section */

/* Begin XCConfigurationList section */
		1B670CDF211B21EB006A15F5 /* Build configuration list for PBXProject "AriaX" */ = {
			isa = XCConfigurationList;
			buildConfigurations = (
				1B670CFD211B21ED006A15F5 /* Debug */,
				1B670CFE211B21ED006A15F5 /* Release */,
			);
			defaultConfigurationIsVisible = 0;
			defaultConfigurationName = Release;
		};
		1B670CFF211B21ED006A15F5 /* Build configuration list for PBXNativeTarget "AriaX" */ = {
			isa = XCConfigurationList;
			buildConfigurations = (
				1B670D00211B21ED006A15F5 /* Debug */,
				1B670D01211B21ED006A15F5 /* Release */,
			);
			defaultConfigurationIsVisible = 0;
			defaultConfigurationName = Release;
		};
		1B670D02211B21ED006A15F5 /* Build configuration list for PBXNativeTarget "AriaXTests" */ = {
			isa = XCConfigurationList;
			buildConfigurations = (
				1B670D03211B21ED006A15F5 /* Debug */,
				1B670D04211B21ED006A15F5 /* Release */,
			);
			defaultConfigurationIsVisible = 0;
			defaultConfigurationName = Release;
		};
/* End XCConfigurationList section */
	};
	rootObject = 1B670CDC211B21EB006A15F5 /* Project object */;
}
