// !$*UTF8*$!
{
	archiveVersion = 1;
	classes = {
	};
	objectVersion = 50;
	objects = {

/* Begin PBXBuildFile section */
		E0FC7229211AC66500B024A3 /* AppDelegate.swift in Sources */ = {isa = PBXBuildFile; fileRef = E0FC7228211AC66500B024A3 /* AppDelegate.swift */; };
		E0FC722B211AC66500B024A3 /* ViewController.swift in Sources */ = {isa = PBXBuildFile; fileRef = E0FC722A211AC66500B024A3 /* ViewController.swift */; };
		E0FC722D211AC66600B024A3 /* Assets.xcassets in Resources */ = {isa = PBXBuildFile; fileRef = E0FC722C211AC66600B024A3 /* Assets.xcassets */; };
		E0FC7230211AC66600B024A3 /* Main.storyboard in Resources */ = {isa = PBXBuildFile; fileRef = E0FC722E211AC66600B024A3 /* Main.storyboard */; };
		E0FC723C211AC66600B024A3 /* Aria2XTests.swift in Sources */ = {isa = PBXBuildFile; fileRef = E0FC723B211AC66600B024A3 /* Aria2XTests.swift */; };
		FD207C67B52A8299F7EE3409 /* libPods-Aria2X.a in Frameworks */ = {isa = PBXBuildFile; fileRef = 3CC1ABB50B83C586EF681F0D /* libPods-Aria2X.a */; };
/* End PBXBuildFile section */

/* Begin PBXContainerItemProxy section */
		E0FC7238211AC66600B024A3 /* PBXContainerItemProxy */ = {
			isa = PBXContainerItemProxy;
			containerPortal = E0FC721D211AC66500B024A3 /* Project object */;
			proxyType = 1;
			remoteGlobalIDString = E0FC7224211AC66500B024A3;
			remoteInfo = Aria2X;
		};
/* End PBXContainerItemProxy section */

/* Begin PBXFileReference section */
		3CC1ABB50B83C586EF681F0D /* libPods-Aria2X.a */ = {isa = PBXFileReference; explicitFileType = archive.ar; includeInIndex = 0; path = "libPods-Aria2X.a"; sourceTree = BUILT_PRODUCTS_DIR; };
		AE75E4CC814AE471F17CC281 /* Pods-Aria2X.release.xcconfig */ = {isa = PBXFileReference; includeInIndex = 1; lastKnownFileType = text.xcconfig; name = "Pods-Aria2X.release.xcconfig"; path = "Pods/Target Support Files/Pods-Aria2X/Pods-Aria2X.release.xcconfig"; sourceTree = "<group>"; };
		E0FC7225211AC66500B024A3 /* Aria2X.app */ = {isa = PBXFileReference; explicitFileType = wrapper.application; includeInIndex = 0; path = Aria2X.app; sourceTree = BUILT_PRODUCTS_DIR; };
		E0FC7228211AC66500B024A3 /* AppDelegate.swift */ = {isa = PBXFileReference; lastKnownFileType = sourcecode.swift; path = AppDelegate.swift; sourceTree = "<group>"; };
		E0FC722A211AC66500B024A3 /* ViewController.swift */ = {isa = PBXFileReference; lastKnownFileType = sourcecode.swift; path = ViewController.swift; sourceTree = "<group>"; };
		E0FC722C211AC66600B024A3 /* Assets.xcassets */ = {isa = PBXFileReference; lastKnownFileType = folder.assetcatalog; path = Assets.xcassets; sourceTree = "<group>"; };
		E0FC722F211AC66600B024A3 /* Base */ = {isa = PBXFileReference; lastKnownFileType = file.storyboard; name = Base; path = Base.lproj/Main.storyboard; sourceTree = "<group>"; };
		E0FC7231211AC66600B024A3 /* Info.plist */ = {isa = PBXFileReference; lastKnownFileType = text.plist.xml; path = Info.plist; sourceTree = "<group>"; };
		E0FC7232211AC66600B024A3 /* Aria2X.entitlements */ = {isa = PBXFileReference; lastKnownFileType = text.plist.entitlements; path = Aria2X.entitlements; sourceTree = "<group>"; };
		E0FC7237211AC66600B024A3 /* Aria2XTests.xctest */ = {isa = PBXFileReference; explicitFileType = wrapper.cfbundle; includeInIndex = 0; path = Aria2XTests.xctest; sourceTree = BUILT_PRODUCTS_DIR; };
		E0FC723B211AC66600B024A3 /* Aria2XTests.swift */ = {isa = PBXFileReference; lastKnownFileType = sourcecode.swift; path = Aria2XTests.swift; sourceTree = "<group>"; };
		E0FC723D211AC66600B024A3 /* Info.plist */ = {isa = PBXFileReference; lastKnownFileType = text.plist.xml; path = Info.plist; sourceTree = "<group>"; };
		FB374291EE046DBBF1702A6A /* Pods-Aria2X.debug.xcconfig */ = {isa = PBXFileReference; includeInIndex = 1; lastKnownFileType = text.xcconfig; name = "Pods-Aria2X.debug.xcconfig"; path = "Pods/Target Support Files/Pods-Aria2X/Pods-Aria2X.debug.xcconfig"; sourceTree = "<group>"; };
/* End PBXFileReference section */

/* Begin PBXFrameworksBuildPhase section */
		E0FC7222211AC66500B024A3 /* Frameworks */ = {
			isa = PBXFrameworksBuildPhase;
			buildActionMask = 2147483647;
			files = (
				FD207C67B52A8299F7EE3409 /* libPods-Aria2X.a in Frameworks */,
			);
			runOnlyForDeploymentPostprocessing = 0;
		};
		E0FC7234211AC66600B024A3 /* Frameworks */ = {
			isa = PBXFrameworksBuildPhase;
			buildActionMask = 2147483647;
			files = (
			);
			runOnlyForDeploymentPostprocessing = 0;
		};
/* End PBXFrameworksBuildPhase section */

/* Begin PBXGroup section */
		3E6B1C57F164D6E17CE37FAC /* Frameworks */ = {
			isa = PBXGroup;
			children = (
				3CC1ABB50B83C586EF681F0D /* libPods-Aria2X.a */,
			);
			name = Frameworks;
			sourceTree = "<group>";
		};
		6D77B613CD5B9E3C7E5D18D4 /* Pods */ = {
			isa = PBXGroup;
			children = (
				FB374291EE046DBBF1702A6A /* Pods-Aria2X.debug.xcconfig */,
				AE75E4CC814AE471F17CC281 /* Pods-Aria2X.release.xcconfig */,
			);
			name = Pods;
			sourceTree = "<group>";
		};
		E0FC721C211AC66500B024A3 = {
			isa = PBXGroup;
			children = (
				E0FC7227211AC66500B024A3 /* Aria2X */,
				E0FC723A211AC66600B024A3 /* Aria2XTests */,
				E0FC7226211AC66500B024A3 /* Products */,
				6D77B613CD5B9E3C7E5D18D4 /* Pods */,
				3E6B1C57F164D6E17CE37FAC /* Frameworks */,
			);
			sourceTree = "<group>";
		};
		E0FC7226211AC66500B024A3 /* Products */ = {
			isa = PBXGroup;
			children = (
				E0FC7225211AC66500B024A3 /* Aria2X.app */,
				E0FC7237211AC66600B024A3 /* Aria2XTests.xctest */,
			);
			name = Products;
			sourceTree = "<group>";
		};
		E0FC7227211AC66500B024A3 /* Aria2X */ = {
			isa = PBXGroup;
			children = (
				E0FC7228211AC66500B024A3 /* AppDelegate.swift */,
				E0FC722A211AC66500B024A3 /* ViewController.swift */,
				E0FC722C211AC66600B024A3 /* Assets.xcassets */,
				E0FC722E211AC66600B024A3 /* Main.storyboard */,
				E0FC7231211AC66600B024A3 /* Info.plist */,
				E0FC7232211AC66600B024A3 /* Aria2X.entitlements */,
			);
			path = Aria2X;
			sourceTree = "<group>";
		};
		E0FC723A211AC66600B024A3 /* Aria2XTests */ = {
			isa = PBXGroup;
			children = (
				E0FC723B211AC66600B024A3 /* Aria2XTests.swift */,
				E0FC723D211AC66600B024A3 /* Info.plist */,
			);
			path = Aria2XTests;
			sourceTree = "<group>";
		};
/* End PBXGroup section */

/* Begin PBXNativeTarget section */
		E0FC7224211AC66500B024A3 /* Aria2X */ = {
			isa = PBXNativeTarget;
			buildConfigurationList = E0FC7240211AC66600B024A3 /* Build configuration list for PBXNativeTarget "Aria2X" */;
			buildPhases = (
				F94CBDCAA8D201E64A268BA2 /* [CP] Check Pods Manifest.lock */,
				E0FC7221211AC66500B024A3 /* Sources */,
				E0FC7222211AC66500B024A3 /* Frameworks */,
				E0FC7223211AC66500B024A3 /* Resources */,
			);
			buildRules = (
			);
			dependencies = (
			);
			name = Aria2X;
			productName = Aria2X;
			productReference = E0FC7225211AC66500B024A3 /* Aria2X.app */;
			productType = "com.apple.product-type.application";
		};
		E0FC7236211AC66600B024A3 /* Aria2XTests */ = {
			isa = PBXNativeTarget;
			buildConfigurationList = E0FC7243211AC66600B024A3 /* Build configuration list for PBXNativeTarget "Aria2XTests" */;
			buildPhases = (
				E0FC7233211AC66600B024A3 /* Sources */,
				E0FC7234211AC66600B024A3 /* Frameworks */,
				E0FC7235211AC66600B024A3 /* Resources */,
			);
			buildRules = (
			);
			dependencies = (
				E0FC7239211AC66600B024A3 /* PBXTargetDependency */,
			);
			name = Aria2XTests;
			productName = Aria2XTests;
			productReference = E0FC7237211AC66600B024A3 /* Aria2XTests.xctest */;
			productType = "com.apple.product-type.bundle.unit-test";
		};
/* End PBXNativeTarget section */

/* Begin PBXProject section */
		E0FC721D211AC66500B024A3 /* Project object */ = {
			isa = PBXProject;
			attributes = {
				LastSwiftUpdateCheck = 0940;
				LastUpgradeCheck = 0940;
				ORGANIZATIONNAME = Lingyue;
				TargetAttributes = {
					E0FC7224211AC66500B024A3 = {
						CreatedOnToolsVersion = 9.4.1;
					};
					E0FC7236211AC66600B024A3 = {
						CreatedOnToolsVersion = 9.4.1;
						TestTargetID = E0FC7224211AC66500B024A3;
					};
				};
			};
			buildConfigurationList = E0FC7220211AC66500B024A3 /* Build configuration list for PBXProject "Aria2X" */;
			compatibilityVersion = "Xcode 9.3";
			developmentRegion = en;
			hasScannedForEncodings = 0;
			knownRegions = (
				en,
				Base,
			);
			mainGroup = E0FC721C211AC66500B024A3;
			productRefGroup = E0FC7226211AC66500B024A3 /* Products */;
			projectDirPath = "";
			projectRoot = "";
			targets = (
				E0FC7224211AC66500B024A3 /* Aria2X */,
				E0FC7236211AC66600B024A3 /* Aria2XTests */,
			);
		};
/* End PBXProject section */

/* Begin PBXResourcesBuildPhase section */
		E0FC7223211AC66500B024A3 /* Resources */ = {
			isa = PBXResourcesBuildPhase;
			buildActionMask = 2147483647;
			files = (
				E0FC722D211AC66600B024A3 /* Assets.xcassets in Resources */,
				E0FC7230211AC66600B024A3 /* Main.storyboard in Resources */,
			);
			runOnlyForDeploymentPostprocessing = 0;
		};
		E0FC7235211AC66600B024A3 /* Resources */ = {
			isa = PBXResourcesBuildPhase;
			buildActionMask = 2147483647;
			files = (
			);
			runOnlyForDeploymentPostprocessing = 0;
		};
/* End PBXResourcesBuildPhase section */

/* Begin PBXShellScriptBuildPhase section */
		F94CBDCAA8D201E64A268BA2 /* [CP] Check Pods Manifest.lock */ = {
			isa = PBXShellScriptBuildPhase;
			buildActionMask = 2147483647;
			files = (
			);
			inputPaths = (
				"${PODS_PODFILE_DIR_PATH}/Podfile.lock",
				"${PODS_ROOT}/Manifest.lock",
			);
			name = "[CP] Check Pods Manifest.lock";
			outputPaths = (
				"$(DERIVED_FILE_DIR)/Pods-Aria2X-checkManifestLockResult.txt",
			);
			runOnlyForDeploymentPostprocessing = 0;
			shellPath = /bin/sh;
			shellScript = "diff \"${PODS_PODFILE_DIR_PATH}/Podfile.lock\" \"${PODS_ROOT}/Manifest.lock\" > /dev/null\nif [ $? != 0 ] ; then\n    # print error to STDERR\n    echo \"error: The sandbox is not in sync with the Podfile.lock. Run 'pod install' or update your CocoaPods installation.\" >&2\n    exit 1\nfi\n# This output is used by Xcode 'outputs' to avoid re-running this script phase.\necho \"SUCCESS\" > \"${SCRIPT_OUTPUT_FILE_0}\"\n";
			showEnvVarsInLog = 0;
		};
/* End PBXShellScriptBuildPhase section */

/* Begin PBXSourcesBuildPhase section */
		E0FC7221211AC66500B024A3 /* Sources */ = {
			isa = PBXSourcesBuildPhase;
			buildActionMask = 2147483647;
			files = (
				E0FC722B211AC66500B024A3 /* ViewController.swift in Sources */,
				E0FC7229211AC66500B024A3 /* AppDelegate.swift in Sources */,
			);
			runOnlyForDeploymentPostprocessing = 0;
		};
		E0FC7233211AC66600B024A3 /* Sources */ = {
			isa = PBXSourcesBuildPhase;
			buildActionMask = 2147483647;
			files = (
				E0FC723C211AC66600B024A3 /* Aria2XTests.swift in Sources */,
			);
			runOnlyForDeploymentPostprocessing = 0;
		};
/* End PBXSourcesBuildPhase section */

/* Begin PBXTargetDependency section */
		E0FC7239211AC66600B024A3 /* PBXTargetDependency */ = {
			isa = PBXTargetDependency;
			target = E0FC7224211AC66500B024A3 /* Aria2X */;
			targetProxy = E0FC7238211AC66600B024A3 /* PBXContainerItemProxy */;
		};
/* End PBXTargetDependency section */

/* Begin PBXVariantGroup section */
		E0FC722E211AC66600B024A3 /* Main.storyboard */ = {
			isa = PBXVariantGroup;
			children = (
				E0FC722F211AC66600B024A3 /* Base */,
			);
			name = Main.storyboard;
			sourceTree = "<group>";
		};
/* End PBXVariantGroup section */

/* Begin XCBuildConfiguration section */
		E0FC723E211AC66600B024A3 /* Debug */ = {
			isa = XCBuildConfiguration;
			buildSettings = {
				ALWAYS_SEARCH_USER_PATHS = NO;
				CLANG_ANALYZER_NONNULL = YES;
				CLANG_ANALYZER_NUMBER_OBJECT_CONVERSION = YES_AGGRESSIVE;
				CLANG_CXX_LANGUAGE_STANDARD = "gnu++14";
				CLANG_CXX_LIBRARY = "libc++";
				CLANG_ENABLE_MODULES = YES;
				CLANG_ENABLE_OBJC_ARC = YES;
				CLANG_ENABLE_OBJC_WEAK = YES;
				CLANG_WARN_BLOCK_CAPTURE_AUTORELEASING = YES;
				CLANG_WARN_BOOL_CONVERSION = YES;
				CLANG_WARN_COMMA = YES;
				CLANG_WARN_CONSTANT_CONVERSION = YES;
				CLANG_WARN_DEPRECATED_OBJC_IMPLEMENTATIONS = YES;
				CLANG_WARN_DIRECT_OBJC_ISA_USAGE = YES_ERROR;
				CLANG_WARN_DOCUMENTATION_COMMENTS = YES;
				CLANG_WARN_EMPTY_BODY = YES;
				CLANG_WARN_ENUM_CONVERSION = YES;
				CLANG_WARN_INFINITE_RECURSION = YES;
				CLANG_WARN_INT_CONVERSION = YES;
				CLANG_WARN_NON_LITERAL_NULL_CONVERSION = YES;
				CLANG_WARN_OBJC_IMPLICIT_RETAIN_SELF = YES;
				CLANG_WARN_OBJC_LITERAL_CONVERSION = YES;
				CLANG_WARN_OBJC_ROOT_CLASS = YES_ERROR;
				CLANG_WARN_RANGE_LOOP_ANALYSIS = YES;
				CLANG_WARN_STRICT_PROTOTYPES = YES;
				CLANG_WARN_SUSPICIOUS_MOVE = YES;
				CLANG_WARN_UNGUARDED_AVAILABILITY = YES_AGGRESSIVE;
				CLANG_WARN_UNREACHABLE_CODE = YES;
				CLANG_WARN__DUPLICATE_METHOD_MATCH = YES;
				CODE_SIGN_IDENTITY = "-";
				COPY_PHASE_STRIP = NO;
				DEBUG_INFORMATION_FORMAT = dwarf;
				ENABLE_STRICT_OBJC_MSGSEND = YES;
				ENABLE_TESTABILITY = YES;
				GCC_C_LANGUAGE_STANDARD = gnu11;
				GCC_DYNAMIC_NO_PIC = NO;
				GCC_NO_COMMON_BLOCKS = YES;
				GCC_OPTIMIZATION_LEVEL = 0;
				GCC_PREPROCESSOR_DEFINITIONS = (
					"DEBUG=1",
					"$(inherited)",
				);
				GCC_WARN_64_TO_32_BIT_CONVERSION = YES;
				GCC_WARN_ABOUT_RETURN_TYPE = YES_ERROR;
				GCC_WARN_UNDECLARED_SELECTOR = YES;
				GCC_WARN_UNINITIALIZED_AUTOS = YES_AGGRESSIVE;
				GCC_WARN_UNUSED_FUNCTION = YES;
				GCC_WARN_UNUSED_VARIABLE = YES;
				MACOSX_DEPLOYMENT_TARGET = 10.13;
				MTL_ENABLE_DEBUG_INFO = YES;
				ONLY_ACTIVE_ARCH = YES;
				SDKROOT = macosx;
				SWIFT_ACTIVE_COMPILATION_CONDITIONS = DEBUG;
				SWIFT_OPTIMIZATION_LEVEL = "-Onone";
			};
			name = Debug;
		};
		E0FC723F211AC66600B024A3 /* Release */ = {
			isa = XCBuildConfiguration;
			buildSettings = {
				ALWAYS_SEARCH_USER_PATHS = NO;
				CLANG_ANALYZER_NONNULL = YES;
				CLANG_ANALYZER_NUMBER_OBJECT_CONVERSION = YES_AGGRESSIVE;
				CLANG_CXX_LANGUAGE_STANDARD = "gnu++14";
				CLANG_CXX_LIBRARY = "libc++";
				CLANG_ENABLE_MODULES = YES;
				CLANG_ENABLE_OBJC_ARC = YES;
				CLANG_ENABLE_OBJC_WEAK = YES;
				CLANG_WARN_BLOCK_CAPTURE_AUTORELEASING = YES;
				CLANG_WARN_BOOL_CONVERSION = YES;
				CLANG_WARN_COMMA = YES;
				CLANG_WARN_CONSTANT_CONVERSION = YES;
				CLANG_WARN_DEPRECATED_OBJC_IMPLEMENTATIONS = YES;
				CLANG_WARN_DIRECT_OBJC_ISA_USAGE = YES_ERROR;
				CLANG_WARN_DOCUMENTATION_COMMENTS = YES;
				CLANG_WARN_EMPTY_BODY = YES;
				CLANG_WARN_ENUM_CONVERSION = YES;
				CLANG_WARN_INFINITE_RECURSION = YES;
				CLANG_WARN_INT_CONVERSION = YES;
				CLANG_WARN_NON_LITERAL_NULL_CONVERSION = YES;
				CLANG_WARN_OBJC_IMPLICIT_RETAIN_SELF = YES;
				CLANG_WARN_OBJC_LITERAL_CONVERSION = YES;
				CLANG_WARN_OBJC_ROOT_CLASS = YES_ERROR;
				CLANG_WARN_RANGE_LOOP_ANALYSIS = YES;
				CLANG_WARN_STRICT_PROTOTYPES = YES;
				CLANG_WARN_SUSPICIOUS_MOVE = YES;
				CLANG_WARN_UNGUARDED_AVAILABILITY = YES_AGGRESSIVE;
				CLANG_WARN_UNREACHABLE_CODE = YES;
				CLANG_WARN__DUPLICATE_METHOD_MATCH = YES;
				CODE_SIGN_IDENTITY = "-";
				COPY_PHASE_STRIP = NO;
				DEBUG_INFORMATION_FORMAT = "dwarf-with-dsym";
				ENABLE_NS_ASSERTIONS = NO;
				ENABLE_STRICT_OBJC_MSGSEND = YES;
				GCC_C_LANGUAGE_STANDARD = gnu11;
				GCC_NO_COMMON_BLOCKS = YES;
				GCC_WARN_64_TO_32_BIT_CONVERSION = YES;
				GCC_WARN_ABOUT_RETURN_TYPE = YES_ERROR;
				GCC_WARN_UNDECLARED_SELECTOR = YES;
				GCC_WARN_UNINITIALIZED_AUTOS = YES_AGGRESSIVE;
				GCC_WARN_UNUSED_FUNCTION = YES;
				GCC_WARN_UNUSED_VARIABLE = YES;
				MACOSX_DEPLOYMENT_TARGET = 10.13;
				MTL_ENABLE_DEBUG_INFO = NO;
				SDKROOT = macosx;
				SWIFT_COMPILATION_MODE = wholemodule;
				SWIFT_OPTIMIZATION_LEVEL = "-O";
			};
			name = Release;
		};
		E0FC7241211AC66600B024A3 /* Debug */ = {
			isa = XCBuildConfiguration;
			baseConfigurationReference = FB374291EE046DBBF1702A6A /* Pods-Aria2X.debug.xcconfig */;
			buildSettings = {
				ASSETCATALOG_COMPILER_APPICON_NAME = AppIcon;
				CODE_SIGN_ENTITLEMENTS = Aria2X/Aria2X.entitlements;
				CODE_SIGN_STYLE = Automatic;
				COMBINE_HIDPI_IMAGES = YES;
				INFOPLIST_FILE = Aria2X/Info.plist;
				LD_RUNPATH_SEARCH_PATHS = (
					"$(inherited)",
					"@executable_path/../Frameworks",
				);
				MACOSX_DEPLOYMENT_TARGET = 10.10;
				PRODUCT_BUNDLE_IDENTIFIER = iiiCeBlink.Aria2X;
				PRODUCT_NAME = "$(TARGET_NAME)";
				SWIFT_VERSION = 4.0;
			};
			name = Debug;
		};
		E0FC7242211AC66600B024A3 /* Release */ = {
			isa = XCBuildConfiguration;
			baseConfigurationReference = AE75E4CC814AE471F17CC281 /* Pods-Aria2X.release.xcconfig */;
			buildSettings = {
				ASSETCATALOG_COMPILER_APPICON_NAME = AppIcon;
				CODE_SIGN_ENTITLEMENTS = Aria2X/Aria2X.entitlements;
				CODE_SIGN_STYLE = Automatic;
				COMBINE_HIDPI_IMAGES = YES;
				INFOPLIST_FILE = Aria2X/Info.plist;
				LD_RUNPATH_SEARCH_PATHS = (
					"$(inherited)",
					"@executable_path/../Frameworks",
				);
				MACOSX_DEPLOYMENT_TARGET = 10.10;
				PRODUCT_BUNDLE_IDENTIFIER = iiiCeBlink.Aria2X;
				PRODUCT_NAME = "$(TARGET_NAME)";
				SWIFT_VERSION = 4.0;
			};
			name = Release;
		};
		E0FC7244211AC66600B024A3 /* Debug */ = {
			isa = XCBuildConfiguration;
			buildSettings = {
				ALWAYS_EMBED_SWIFT_STANDARD_LIBRARIES = YES;
				BUNDLE_LOADER = "$(TEST_HOST)";
				CODE_SIGN_STYLE = Automatic;
				COMBINE_HIDPI_IMAGES = YES;
				INFOPLIST_FILE = Aria2XTests/Info.plist;
				LD_RUNPATH_SEARCH_PATHS = (
					"$(inherited)",
					"@executable_path/../Frameworks",
					"@loader_path/../Frameworks",
				);
				PRODUCT_BUNDLE_IDENTIFIER = iiiCeBlink.Aria2XTests;
				PRODUCT_NAME = "$(TARGET_NAME)";
				SWIFT_VERSION = 4.0;
				TEST_HOST = "$(BUILT_PRODUCTS_DIR)/Aria2X.app/Contents/MacOS/Aria2X";
			};
			name = Debug;
		};
		E0FC7245211AC66600B024A3 /* Release */ = {
			isa = XCBuildConfiguration;
			buildSettings = {
				ALWAYS_EMBED_SWIFT_STANDARD_LIBRARIES = YES;
				BUNDLE_LOADER = "$(TEST_HOST)";
				CODE_SIGN_STYLE = Automatic;
				COMBINE_HIDPI_IMAGES = YES;
				INFOPLIST_FILE = Aria2XTests/Info.plist;
				LD_RUNPATH_SEARCH_PATHS = (
					"$(inherited)",
					"@executable_path/../Frameworks",
					"@loader_path/../Frameworks",
				);
				PRODUCT_BUNDLE_IDENTIFIER = iiiCeBlink.Aria2XTests;
				PRODUCT_NAME = "$(TARGET_NAME)";
				SWIFT_VERSION = 4.0;
				TEST_HOST = "$(BUILT_PRODUCTS_DIR)/Aria2X.app/Contents/MacOS/Aria2X";
			};
			name = Release;
		};
/* End XCBuildConfiguration section */

/* Begin XCConfigurationList section */
		E0FC7220211AC66500B024A3 /* Build configuration list for PBXProject "Aria2X" */ = {
			isa = XCConfigurationList;
			buildConfigurations = (
				E0FC723E211AC66600B024A3 /* Debug */,
				E0FC723F211AC66600B024A3 /* Release */,
			);
			defaultConfigurationIsVisible = 0;
			defaultConfigurationName = Release;
		};
		E0FC7240211AC66600B024A3 /* Build configuration list for PBXNativeTarget "Aria2X" */ = {
			isa = XCConfigurationList;
			buildConfigurations = (
				E0FC7241211AC66600B024A3 /* Debug */,
				E0FC7242211AC66600B024A3 /* Release */,
			);
			defaultConfigurationIsVisible = 0;
			defaultConfigurationName = Release;
		};
		E0FC7243211AC66600B024A3 /* Build configuration list for PBXNativeTarget "Aria2XTests" */ = {
			isa = XCConfigurationList;
			buildConfigurations = (
				E0FC7244211AC66600B024A3 /* Debug */,
				E0FC7245211AC66600B024A3 /* Release */,
			);
			defaultConfigurationIsVisible = 0;
			defaultConfigurationName = Release;
		};
/* End XCConfigurationList section */
	};
	rootObject = E0FC721D211AC66500B024A3 /* Project object */;
}
